<?xml version="1.0" encoding="utf-8"?>
<Project ToolsVersion="4.0" xmlns="http://schemas.microsoft.com/developer/msbuild/2003">
  <ItemGroup>
    <ClCompile Include="main.cpp" />
    <ClCompile Include="MainForm.cpp" />
  </ItemGroup>
  <ItemGroup>
    <ClInclude Include="MainForm.h" />
    <ClInclude Include="TcpNetwork.h" />
    <ClInclude Include="MyCommon\conmanip.h">
      <Filter>MyCommon</Filter>
    </ClInclude>
    <ClInclude Include="MyCommon\ErrorCode.h">
      <Filter>MyCommon</Filter>
    </ClInclude>
    <ClInclude Include="MyCommon\Packet.h">
      <Filter>MyCommon</Filter>
    </ClInclude>
    <ClInclude Include="MyCommon\PacketID.h">
      <Filter>MyCommon</Filter>
    </ClInclude>
    <ClInclude Include="IClientScene.h">
      <Filter>ClientSceen</Filter>
    </ClInclude>
    <ClInclude Include="ClientSceneLogin.h">
      <Filter>ClientSceen</Filter>
    </ClInclude>
    <ClInclude Include="ClientSceneLobby.h">
      <Filter>ClientSceen</Filter>
    </ClInclude>
    <ClInclude Include="ClientSceneRoom.h">
      <Filter>ClientSceen</Filter>
    </ClInclude>
    <ClInclude Include="ClientSceneMain.h">
      <Filter>ClientSceen</Filter>
    </ClInclude>
  </ItemGroup>
  <ItemGroup>
    <Filter Include="ClientSceen">
      <UniqueIdentifier>{90a8a737-9009-4239-94f1-b916e2187f81}</UniqueIdentifier>
    </Filter>
    <Filter Include="MyCommon">
      <UniqueIdentifier>{ece67d07-6e75-407e-96ae-dd1b8229e15b}</UniqueIdentifier>
    </Filter>
  </ItemGroup>
</Project>