<?xml version="1.0" encoding="utf-8"?>
<Project ToolsVersion="4.0" xmlns="http://schemas.microsoft.com/developer/msbuild/2003">
  <ItemGroup>
    <Filter Include="Source">
      <UniqueIdentifier>{dcc36e5b-6a9f-42cd-b8da-7afa9b1a4c19}</UniqueIdentifier>
    </Filter>
    <Filter Include="Source\MyCommon">
      <UniqueIdentifier>{a1901197-1f1e-4d3f-be2f-401c6c4de0a2}</UniqueIdentifier>
    </Filter>
  </ItemGroup>
  <ItemGroup>
    <ClInclude Include="ClientChat.h">
      <Filter>Source</Filter>
    </ClInclude>
    <ClInclude Include="ClientSceneLobby.h">
      <Filter>Source</Filter>
    </ClInclude>
    <ClInclude Include="ClientSceneLogin.h">
      <Filter>Source</Filter>
    </ClInclude>
    <ClInclude Include="ClientSceneMain.h">
      <Filter>Source</Filter>
    </ClInclude>
    <ClInclude Include="ClientSceneRoom.h">
      <Filter>Source</Filter>
    </ClInclude>
    <ClInclude Include="IClientScene.h">
      <Filter>Source</Filter>
    </ClInclude>
    <ClInclude Include="MainForm.h">
      <Filter>Source</Filter>
    </ClInclude>
    <ClInclude Include="TcpNetwork.h">
      <Filter>Source</Filter>
    </ClInclude>
    <ClInclude Include="MyCommon\conmanip.h">
      <Filter>Source\MyCommon</Filter>
    </ClInclude>
    <ClInclude Include="MyCommon\ErrorCode.h">
      <Filter>Source\MyCommon</Filter>
    </ClInclude>
    <ClInclude Include="MyCommon\Packet.h">
      <Filter>Source\MyCommon</Filter>
    </ClInclude>
    <ClInclude Include="MyCommon\PacketID.h">
      <Filter>Source\MyCommon</Filter>
    </ClInclude>
  </ItemGroup>
  <ItemGroup>
    <ClCompile Include="main.cpp">
      <Filter>Source</Filter>
    </ClCompile>
    <ClCompile Include="MainForm.cpp">
      <Filter>Source</Filter>
    </ClCompile>
  </ItemGroup>
</Project>